version = 1
revision = 3
requires-python = ">=3.14"

[[package]]
name = "ascii-graph"
version = "1.5.2"
source = { registry = "https://pypi.org/simple" }
sdist = { url = "https://files.pythonhosted.org/packages/96/5a/4cd3cdd64c71b709a8ca747447b4821b8d291e0e3a7ebeaca61d702bda2b/ascii_graph-1.5.2.tar.gz", hash = "sha256:32ec5e8af8ac1b285cb0c3d1715b3e44d2152bff71f27cde60c3b5d23f98e0a4", size = 25260, upload-time = "2025-03-17T09:03:25.496Z" }
wheels = [
    { url = "https://files.pythonhosted.org/packages/8d/56/c5929896ee2d533a382c2b7a9cec7a9f58970aa04b21ccf8c31f758cd4f8/ascii_graph-1.5.2-py3-none-any.whl", hash = "sha256:82a128971cf189e37131239f89fdf2dac769672e2c30de187e7aa5c345e103e2", size = 11872, upload-time = "2025-03-17T09:03:24.329Z" },
]

[[package]]
name = "asgiref"
version = "3.12.1"
source = { registry = "https://pypi.org/simple" }
sdist = { url = "https://files.pythonhosted.org/packages/e6/26/3b59f2bdae5f640389becb1f673cded775287f5fc4f816309d9ca9a3f93d/asgiref-3.12.1.tar.gz", hash = "sha256:59dcb51c272ad209d59bed5708a64a333083e86017d7fcdd67498eeab7784340", size = 42378, upload-time = "2026-07-14T09:56:18.087Z" }
wheels = [
    { url = "https://files.pythonhosted.org/packages/c0/1b/54f4ad77cd8a584fa70746c47df988e002cf1ee1eba43364d46f87803647/asgiref-3.12.1-py3-none-any.whl", hash = "sha256:fe386d1c2bff7259ea95929266d12a8cf9a8b5a1c2598402967d8792e7a7c094", size = 25478, upload-time = "2026-07-14T09:56:16.926Z" },
]

[[package]]
name = "django"
version = "6.0.7"
source = { registry = "https://pypi.org/simple" }
dependencies = [
    { name = "asgiref" },
    { name = "sqlparse" },
    { name = "tzdata", marker = "sys_platform == 'win32'" },
]
sdist = { url = "https://files.pythonhosted.org/packages/89/55/664f24ff81c9ea19cb7dfc851afeae1f3c2390c7aee01d4ded68b5c1580d/django-6.0.7.tar.gz", hash = "sha256:2998503fc083124fb58037084bfa00de323c7c743f05f1b4284e77bff0ab8890", size = 10921299, upload-time = "2026-07-07T13:51:26.485Z" }
wheels = [
    { url = "https://files.pythonhosted.org/packages/ba/ec/1ce5334b6a2c52ce619c23a0be8d366a57a0e080ebb2d88266e5c849157c/django-6.0.7-py3-none-any.whl", hash = "sha256:a037427c2288443a8c02a1b02295a31c239663aa682bc50b1976afb7cf6a769e", size = 8373344, upload-time = "2026-07-07T13:51:20.007Z" },
]

[[package]]
name = "django-fastest-redis"
version = "0.1.0"
source = { virtual = "." }
dependencies = [
    { name = "ascii-graph" },
    { name = "django" },
    { name = "django-redis" },
    { name = "hiredis" },
    { name = "msgpack-python" },
    { name = "python-decouple" },
    { name = "pyzstd" },
    { name = "ujson" },
]

[package.dev-dependencies]
dev = [
    { name = "ruff" },
]

[package.metadata]
requires-dist = [
    { name = "ascii-graph", specifier = "==1.5.2" },
    { name = "django", specifier = "==6.0.7" },
    { name = "django-redis", specifier = "==7.0.0" },
    { name = "hiredis", specifier = "==3.4.0" },
    { name = "msgpack-python", specifier = "==0.5.6" },
    { name = "python-decouple", specifier = "==3.8" },
    { name = "pyzstd", specifier = ">=0.19.1" },
    { name = "ujson", specifier = "==5.13.0" },
]

[package.metadata.requires-dev]
dev = [{ name = "ruff", specifier = ">=0.15.22" }]

[[package]]
name = "django-redis"
version = "7.0.0"
source = { registry = "https://pypi.org/simple" }
dependencies = [
    { name = "django" },
    { name = "redis" },
]
sdist = { url = "https://files.pythonhosted.org/packages/fb/78/203a0cdc0f1c083a5407d01f77b58099a120bb8a5a04562f56a9bb341314/django_redis-7.0.0.tar.gz", hash = "sha256:e48491c862f4350b0747ceb1016700686fb93c4f4e0fb9c490fe6c6658ffd933", size = 64601, upload-time = "2026-06-02T14:17:48.819Z" }
wheels = [
    { url = "https://files.pythonhosted.org/packages/7e/9f/09cdb9a1eebe8533b02a7694ca787acfc1e4d93b5b6175ff99366d4e6d64/django_redis-7.0.0-py3-none-any.whl", hash = "sha256:4b23aa6e0cd0937bb1242e9a463809e6004de3ca2150f34e986306bb6220d688", size = 38932, upload-time = "2026-06-02T14:17:47.281Z" },
]

[[package]]
name = "hiredis"
version = "3.4.0"
source = { registry = "https://pypi.org/simple" }
sdist = { url = "https://files.pythonhosted.org/packages/1f/e2/1654d65851f39fd94e91a77a5655d09d4b64901fdc594020d8348db697b2/hiredis-3.4.0.tar.gz", hash = "sha256:da19331354433af6a2c54c21f2d70ba084933c0d7d2c43578ec5c5b446674ad5", size = 137169, upload-time = "2026-06-03T16:23:46.226Z" }
wheels = [
    { url = "https://files.pythonhosted.org/packages/ab/ea/cbc922aeaa5af11f1c1235d8b2b04ff8cdf6e3e95c785a500521f32d8d70/hiredis-3.4.0-cp314-cp314-macosx_10_15_universal2.whl", hash = "sha256:d3a12ae5685e9621a988af07b5af0ad685c7d19d6a7246ac852e35060178cff4", size = 138762, upload-time = "2026-06-03T16:22:45.927Z" },
    { url = "https://files.pythonhosted.org/packages/d4/e9/e004067ffad9f707174cde04d117c985d5f22dd4d9409f0983892738cb44/hiredis-3.4.0-cp314-cp314-macosx_10_15_x86_64.whl", hash = "sha256:0a70df45cf167b5af99b9fe3e2044716919e30580a869dfa766f2a6467c0c320", size = 74696, upload-time = "2026-06-03T16:22:46.924Z" },
    { url = "https://files.pythonhosted.org/packages/5a/d1/5fe5b6d05e59116d78f9d228d9cc0022efbb84d234333c5fbe6a0c6e13fe/hiredis-3.4.0-cp314-cp314-macosx_11_0_arm64.whl", hash = "sha256:0a68b0e48509e6e66f4c212e53d98f29178addf83b0701a71bf0fce792954419", size = 70163, upload-time = "2026-06-03T16:22:47.798Z" },
    { url = "https://files.pythonhosted.org/packages/db/93/c86f0a7ae2cd10b72e30476f87aafd1af22992e080feb4b5d2ec1cbdf4e4/hiredis-3.4.0-cp314-cp314-manylinux2014_aarch64.manylinux_2_17_aarch64.manylinux_2_28_aarch64.whl", hash = "sha256:a45822bc8487da8151fe67c788de74b834582b1d510c67b888fcda64bf6ba4bb", size = 306631, upload-time = "2026-06-03T16:22:48.671Z" },
    { url = "https://files.pythonhosted.org/packages/e8/10/3746b028d9c43fab1fa4126fe69c6967df89ab9819140092930322b0550c/hiredis-3.4.0-cp314-cp314-manylinux2014_ppc64le.manylinux_2_17_ppc64le.manylinux_2_28_ppc64le.whl", hash = "sha256:0b82cab9ad7a1574ab273a78942f780c1b1496101eb342b630c46c3e918ca21b", size = 339758, upload-time = "2026-06-03T16:22:49.662Z" },
    { url = "https://files.pythonhosted.org/packages/59/f3/c6fb383854237891039a4d94d3e66dc5eec8a2993fed6020c983d63c5393/hiredis-3.4.0-cp314-cp314-manylinux2014_s390x.manylinux_2_17_s390x.manylinux_2_28_s390x.whl", hash = "sha256:db13f8039ad8229f77f0e242be14e53bd67e8f3aadeb16f3af30944287cca092", size = 351360, upload-time = "2026-06-03T16:22:50.779Z" },
    { url = "https://files.pythonhosted.org/packages/70/b7/32110aa458690722a1069c7349b8ebe374a6ba0bdf9ef8925a9f37a74978/hiredis-3.4.0-cp314-cp314-manylinux2014_x86_64.manylinux_2_17_x86_64.manylinux_2_28_x86_64.whl", hash = "sha256:54b6267918c66d8ba4a3cf519db1235a4bd56d2a0969ca5b2ae3c6b6b7d9ed79", size = 313070, upload-time = "2026-06-03T16:22:51.966Z" },
    { url = "https://files.pythonhosted.org/packages/bb/23/bccfa0fb7b1b529cff35c8725cfd99a2d18fa4123f52f52bf03e84210855/hiredis-3.4.0-cp314-cp314-musllinux_1_2_aarch64.whl", hash = "sha256:88396e6a24b80c86f4dc180964d9cc467ba3aa3c886af6532fe077c5a5dc0c3c", size = 300927, upload-time = "2026-06-03T16:22:53.085Z" },
    { url = "https://files.pythonhosted.org/packages/3e/0f/e1e2295ee863efc7ce8c88ec10bcc4b1504352373998cb493f10e900dbe5/hiredis-3.4.0-cp314-cp314-musllinux_1_2_ppc64le.whl", hash = "sha256:73dd607b47863633d8070f1eb3bab1b3b097ee747783fe69c0dd0f93ec673d8b", size = 331764, upload-time = "2026-06-03T16:22:54.194Z" },
    { url = "https://files.pythonhosted.org/packages/fb/df/11b1de2ac85dfd7a8713d72a6ed7ac0f1a6e28d906bd362e0df3a27f5c86/hiredis-3.4.0-cp314-cp314-musllinux_1_2_s390x.whl", hash = "sha256:e6e8d5fa63ec2a0738d188488e828818cbe4cb4d37c0c706836cf3888d82c53d", size = 333144, upload-time = "2026-06-03T16:22:55.277Z" },
    { url = "https://files.pythonhosted.org/packages/6f/10/4b104565c936d51b4b02597352ec068937c9d6a73a3c4c9609c08ae3923e/hiredis-3.4.0-cp314-cp314-musllinux_1_2_x86_64.whl", hash = "sha256:d77901d058923a09ed25063ea6fb2842c153bbe75060a46e3949e73ad12ce352", size = 311593, upload-time = "2026-06-03T16:22:56.573Z" },
    { url = "https://files.pythonhosted.org/packages/70/ae/c9eda3c116bef50fcf0dc7e44379e3577f3627caca4ffd7af04675b02d98/hiredis-3.4.0-cp314-cp314-win32.whl", hash = "sha256:05384fcfe5851b5af868bf24265c14ab86f38562679f9c6f712895b67a98163c", size = 39662, upload-time = "2026-06-03T16:22:57.683Z" },
    { url = "https://files.pythonhosted.org/packages/f2/c8/cedb336a0386a97271761ace460a362cb2433c6cdf1d1ba760ad99225734/hiredis-3.4.0-cp314-cp314-win_amd64.whl", hash = "sha256:53233656e4fecf9f8ec654f1f4c5d445bf1c2957d7f63ffdedbba2682c9d1584", size = 40682, upload-time = "2026-06-03T16:22:58.526Z" },
    { url = "https://files.pythonhosted.org/packages/4c/ea/3a05247ce4e2afe56f59d24b73ba38e37f2b324dba8290beba56fbd9fd1f/hiredis-3.4.0-cp314-cp314-win_arm64.whl", hash = "sha256:3348ba4e101f3a96c927447ff2edcb3e0026dc6df375ba117485a43edcbb6980", size = 37541, upload-time = "2026-06-03T16:22:59.307Z" },
    { url = "https://files.pythonhosted.org/packages/35/14/caeaa1be1205ebdc1cf6760c5f6882afbdb3b82a6bdf0559d01205b1c857/hiredis-3.4.0-cp314-cp314t-macosx_10_15_universal2.whl", hash = "sha256:3159c54fe560aa30bf1ab76e65c4c23dc45ad79d7cf4aecc25ec9942f5ea4cea", size = 139787, upload-time = "2026-06-03T16:23:00.139Z" },
    { url = "https://files.pythonhosted.org/packages/49/85/8f52b485b9d835e0f8da063a635290d916a6f5ab60c18db5411ecea344d1/hiredis-3.4.0-cp314-cp314t-macosx_10_15_x86_64.whl", hash = "sha256:be4a41496a0a48c3abf57ef1bbeb11980060ce9c7a1dd8b92caa028a813a9c59", size = 75136, upload-time = "2026-06-03T16:23:01.705Z" },
    { url = "https://files.pythonhosted.org/packages/9f/09/ee568562f36f481395d5cea3ab75fd9350cd77d98d55ee5f9b395f3fc358/hiredis-3.4.0-cp314-cp314t-macosx_11_0_arm64.whl", hash = "sha256:a2f9a9a591b3eaade523f3e778dfcd8684965ee6e954ae25cd2fd6d8c75e881d", size = 70772, upload-time = "2026-06-03T16:23:02.765Z" },
    { url = "https://files.pythonhosted.org/packages/7f/0d/3cb03fbbe72f86541f42ee49dba95ff428c87908815152970fbf24bdcf4c/hiredis-3.4.0-cp314-cp314t-manylinux2014_aarch64.manylinux_2_17_aarch64.manylinux_2_28_aarch64.whl", hash = "sha256:6c2852eaa26c0a73be4a30118cd5ad6a77c095d224ccb5ac38e40cb865747d22", size = 315571, upload-time = "2026-06-03T16:23:03.826Z" },
    { url = "https://files.pythonhosted.org/packages/52/fc/c8667282e41153bc20930aeba8ba0dff989cbaa9eb7594f8bcac02558dea/hiredis-3.4.0-cp314-cp314t-manylinux2014_ppc64le.manylinux_2_17_ppc64le.manylinux_2_28_ppc64le.whl", hash = "sha256:18ff3d9b23ebe6c8248c3debca2402ad209d60c48495e7ed76407c2fe54cb9b4", size = 348131, upload-time = "2026-06-03T16:23:05.077Z" },
    { url = "https://files.pythonhosted.org/packages/99/13/5431ace8330904b2b9d9ce5425c13b7a8fa2b443ff272a92f248c07e6400/hiredis-3.4.0-cp314-cp314t-manylinux2014_s390x.manylinux_2_17_s390x.manylinux_2_28_s390x.whl", hash = "sha256:94f83352295bf3d332678689ecd4ce190a4d233a20ad2f432724efd3ce03e49a", size = 359915, upload-time = "2026-06-03T16:23:06.293Z" },
    { url = "https://files.pythonhosted.org/packages/be/57/30dab05cf2a70905e5d2807edd4afa30a4747599070faf80f18e61375e11/hiredis-3.4.0-cp314-cp314t-manylinux2014_x86_64.manylinux_2_17_x86_64.manylinux_2_28_x86_64.whl", hash = "sha256:393d5e7c8c67cdddf7109a8e925d885e788f3f43e5b1043f84390df40c59944b", size = 321426, upload-time = "2026-06-03T16:23:07.447Z" },
    { url = "https://files.pythonhosted.org/packages/33/6f/0a6e030d96d927000735b39aa8b8fef03b43fafdf4a79c80755be351a0f5/hiredis-3.4.0-cp314-cp314t-musllinux_1_2_aarch64.whl", hash = "sha256:7e7ab4c1c8c4d365b02d9e82cdf25b01a065edf2ededd7b5acb043201ff80203", size = 309862, upload-time = "2026-06-03T16:23:08.672Z" },
    { url = "https://files.pythonhosted.org/packages/11/48/26b2771d2b2403124c1f97c2a6d45df0ba3fa59f0c2d4d244e90543722fb/hiredis-3.4.0-cp314-cp314t-musllinux_1_2_ppc64le.whl", hash = "sha256:cfe23f8dcf2c0f4e03d107ff68a9ee9707f9d76abeddbe59633e5de1564a650c", size = 339568, upload-time = "2026-06-03T16:23:09.755Z" },
    { url = "https://files.pythonhosted.org/packages/07/b1/01c18f676d5dea65e894c01ffae8da2f15df1fceed1c69b16877ba57be60/hiredis-3.4.0-cp314-cp314t-musllinux_1_2_s390x.whl", hash = "sha256:a7e76904148c229549db7240a4f9963deb8bb328c0c0844fc9f2320aca05b530", size = 341424, upload-time = "2026-06-03T16:23:10.964Z" },
    { url = "https://files.pythonhosted.org/packages/fb/58/ab3a5672e506f282e1dd6dfb1c0c3f7e17f02398280c2a2994f8d7b478ba/hiredis-3.4.0-cp314-cp314t-musllinux_1_2_x86_64.whl", hash = "sha256:92b570225f6097430615a82543c3eb7974ca354738a6cef38053138f7d983151", size = 320386, upload-time = "2026-06-03T16:23:12.174Z" },
    { url = "https://files.pythonhosted.org/packages/15/af/3f26324cca720f56ace408883c1c7311ce71b571e82e6434515f7ba4eb59/hiredis-3.4.0-cp314-cp314t-win32.whl", hash = "sha256:decc176d86127c620b5d280b3fe5f97a788be58ca945971f3852c3bf54f4d5ad", size = 40516, upload-time = "2026-06-03T16:23:13.179Z" },
    { url = "https://files.pythonhosted.org/packages/8b/18/e011a424a9608ff152ebeb7bbae2be3163e5716e92cf75baddcb5a8fc312/hiredis-3.4.0-cp314-cp314t-win_amd64.whl", hash = "sha256:05c852c58fec65d4c9fb861372dd7391d8b2ce96c960ba8714145f8cd85cd0ec", size = 41453, upload-time = "2026-06-03T16:23:14.091Z" },
    { url = "https://files.pythonhosted.org/packages/43/5f/829287555ce7286be8d6c87c69f93aa1f38fe67c46740806416142231cf3/hiredis-3.4.0-cp314-cp314t-win_arm64.whl", hash = "sha256:7ff29c9f5d3c91fda948c2fde58f457b3244550781d3bc0891b1b9d93c10f47f", size = 37968, upload-time = "2026-06-03T16:23:14.948Z" },
]

[[package]]
name = "msgpack-python"
version = "0.5.6"
source = { registry = "https://pypi.org/simple" }
sdist = { url = "https://files.pythonhosted.org/packages/8a/20/6eca772d1a5830336f84aca1d8198e5a3f4715cd1c7fc36d3cc7f7185091/msgpack-python-0.5.6.tar.gz", hash = "sha256:378cc8a6d3545b532dfd149da715abae4fda2a3adb6d74e525d0d5e51f46909b", size = 138996, upload-time = "2018-03-10T09:22:56.493Z" }

[[package]]
name = "python-decouple"
version = "3.8"
source = { registry = "https://pypi.org/simple" }
sdist = { url = "https://files.pythonhosted.org/packages/e1/97/373dcd5844ec0ea5893e13c39a2c67e7537987ad8de3842fe078db4582fa/python-decouple-3.8.tar.gz", hash = "sha256:ba6e2657d4f376ecc46f77a3a615e058d93ba5e465c01bbe57289bfb7cce680f", size = 9612, upload-time = "2023-03-01T19:38:38.143Z" }
wheels = [
    { url = "https://files.pythonhosted.org/packages/a2/d4/9193206c4563ec771faf2ccf54815ca7918529fe81f6adb22ee6d0e06622/python_decouple-3.8-py3-none-any.whl", hash = "sha256:d0d45340815b25f4de59c974b855bb38d03151d81b037d9e3f463b0c9f8cbd66", size = 9947, upload-time = "2023-03-01T19:38:36.015Z" },
]

[[package]]
name = "pyzstd"
version = "0.19.1"
source = { registry = "https://pypi.org/simple" }
sdist = { url = "https://files.pythonhosted.org/packages/4c/66/59fed71d0d2065e02974b40296f836a237c364c8bbe07295f2d0dc33c278/pyzstd-0.19.1.tar.gz", hash = "sha256:36723d3c915b3981de9198d0a2c82b2f5fe3eaa36e4d8d586937830a8afc7d72", size = 69531, upload-time = "2025-12-13T08:15:33.455Z" }
wheels = [
    { url = "https://files.pythonhosted.org/packages/4d/62/f55d1363512d1b1cc122af6ca5951008e42605b63675c7d6781affc7c475/pyzstd-0.19.1-py3-none-any.whl", hash = "sha256:267e2eb0de0291dfcb7ccfebc4ffe75b2f9d84e7007ac38844f6ccafc6dce081", size = 23779, upload-time = "2025-12-13T08:15:31.979Z" },
]

[[package]]
name = "redis"
version = "8.0.1"
source = { registry = "https://pypi.org/simple" }
sdist = { url = "https://files.pythonhosted.org/packages/cc/c3/928b290c2c0ca99ab96eea5b4ff8f30be8112b075301a7d3ba214a3c8c12/redis-8.0.1.tar.gz", hash = "sha256:afc5a7a2f5a084f5b1880dec548dd45be17db7e43c82a30d84f952aefb05cfb0", size = 5114170, upload-time = "2026-06-23T14:52:37.728Z" }
wheels = [
    { url = "https://files.pythonhosted.org/packages/fd/0a/c2345ebf1ebe70840ce3f6c6ee612f8fa749cfbd1b03069c53bf0c62aaad/redis-8.0.1-py3-none-any.whl", hash = "sha256:47daa35a058c23468d6437f17a8c76882cb316b838ef763036af99b96cedd743", size = 502406, upload-time = "2026-06-23T14:52:36.137Z" },
]

[[package]]
name = "ruff"
version = "0.15.22"
source = { registry = "https://pypi.org/simple" }
sdist = { url = "https://files.pythonhosted.org/packages/3a/06/ae069393fc66e8ff33036d4b368003833bf6e88ccf182e17e7a2f1c754fd/ruff-0.15.22.tar.gz", hash = "sha256:3f15175b1fb580126f58285a5dae6b2ea89000136d980c64499211f116b54809", size = 4785063, upload-time = "2026-07-16T15:14:13.244Z" }
wheels = [
    { url = "https://files.pythonhosted.org/packages/23/18/ee54b7ae1e121be7a28ea6da4b67564ebb0530e183a54415ab7e3bcd2c4e/ruff-0.15.22-py3-none-linux_armv6l.whl", hash = "sha256:44423e73493737f5e7c5b41d475483898ff37afcdae38bc3da5085e29af1c2d8", size = 10781258, upload-time = "2026-07-16T15:13:19.452Z" },
    { url = "https://files.pythonhosted.org/packages/2f/d2/2520cb14761ddbeaf57642a76942fc36adcbdbe53b4532241995f6fc485c/ruff-0.15.22-py3-none-macosx_10_12_x86_64.whl", hash = "sha256:b82c6482946e9eda7ff2e091d25b8bad3f718684e1916d41bd56873cee05b697", size = 10999477, upload-time = "2026-07-16T15:13:23.318Z" },
    { url = "https://files.pythonhosted.org/packages/c9/10/74e53572aa758dfaa678c2a2646b5c5515d884b7ca56be4d2ce03ca4b560/ruff-0.15.22-py3-none-macosx_11_0_arm64.whl", hash = "sha256:11c1c715af53a09f714e011106bffc419751ec8232fcb5da42173284ea3fec6f", size = 10466716, upload-time = "2026-07-16T15:13:26.162Z" },
    { url = "https://files.pythonhosted.org/packages/1e/cc/44eaaf0844e028182f2d0a8f2190d0f359159aed0a9e5ab861d892f1ae2a/ruff-0.15.22-py3-none-manylinux_2_17_aarch64.manylinux2014_aarch64.whl", hash = "sha256:742a29cf29bddb7c8327895d6a10e0e6c5b38a96dd407af9b5d0857f809c0576", size = 10892644, upload-time = "2026-07-16T15:13:29.229Z" },
    { url = "https://files.pythonhosted.org/packages/9f/21/8edf559014d2b0f82beea19cfb713993ad802ccda16868769979c6090a84/ruff-0.15.22-py3-none-manylinux_2_17_armv7l.manylinux2014_armv7l.whl", hash = "sha256:72af58b951b0ae395935ae79763dc349bc0eb706319d28f7a33ad2cfb3cfc178", size = 10576719, upload-time = "2026-07-16T15:13:32.35Z" },
    { url = "https://files.pythonhosted.org/packages/bf/1e/3a13abd392a3b50b62e5938a831f9ab6e588358cacad5c18545b716d2182/ruff-0.15.22-py3-none-manylinux_2_17_i686.manylinux2014_i686.whl", hash = "sha256:62d425005c1835eb24e2ee4161cb90e8db263415f4a71c8c72c33abaa6c0c224", size = 11376494, upload-time = "2026-07-16T15:13:35.958Z" },
    { url = "https://files.pythonhosted.org/packages/bf/3e/422d3d95bcf04dd78e1aeac22184d4f9a8fb2c01865d39d44618484a0317/ruff-0.15.22-py3-none-manylinux_2_17_ppc64le.manylinux2014_ppc64le.whl", hash = "sha256:e8b9b3f8779a4f08c969defc3c8c35abffaa757e601ed5ae66d6d1db6519969a", size = 12208370, upload-time = "2026-07-16T15:13:39.185Z" },
    { url = "https://files.pythonhosted.org/packages/1e/91/5d065a0e0a02bf4813f5119ad278462eed081d2b832eb7c021ade0ec9e65/ruff-0.15.22-py3-none-manylinux_2_17_s390x.manylinux2014_s390x.whl", hash = "sha256:1e0dd1b2e4d3d585f897a0d137cbf4eaf6223bef4e8ce34d6bb12556c5f9249e", size = 11581098, upload-time = "2026-07-16T15:13:42.132Z" },
    { url = "https://files.pythonhosted.org/packages/f6/f9/a0d4871d12fae702eb1f41b686caf05f1f8b124dc6db6f784f53d74918fa/ruff-0.15.22-py3-none-manylinux_2_17_x86_64.manylinux2014_x86_64.whl", hash = "sha256:365523eb91d9224e1bcb03b022fbf0facb8f9e23792a2c53d9d4b3924bdbdebb", size = 11399422, upload-time = "2026-07-16T15:13:45.2Z" },
    { url = "https://files.pythonhosted.org/packages/18/80/c843a5176cddbceb0b7e8dd41cf9993490796c1c469348d384f5a5c13c56/ruff-0.15.22-py3-none-manylinux_2_31_riscv64.whl", hash = "sha256:fabfd168afdf29fee5be98b831efa9683c94d7c5a3b58b9ce5a2e38444589a74", size = 11381683, upload-time = "2026-07-16T15:13:48.46Z" },
    { url = "https://files.pythonhosted.org/packages/d4/00/8485de0ae92239438a36cfc51350db9b9e85c9ebdfaea91b18e422706662/ruff-0.15.22-py3-none-musllinux_1_2_aarch64.whl", hash = "sha256:225dbf095a87f1d9f90f5fd7924d2613ee452a75a4308c63a8f50f761787aa7c", size = 10850295, upload-time = "2026-07-16T15:13:51.655Z" },
    { url = "https://files.pythonhosted.org/packages/fa/91/24977ec2ec72eaf15e4394ace2959fdff2dd1e14f03e005e838023407169/ruff-0.15.22-py3-none-musllinux_1_2_armv7l.whl", hash = "sha256:1877d63b9d24ed278744f1523fd11b85540566d54641f97c566d7d9dc5ca5296", size = 10579640, upload-time = "2026-07-16T15:13:54.79Z" },
    { url = "https://files.pythonhosted.org/packages/9c/47/9b51216951974df1f263ac19da550d34252e0ed7218c25f10c5ef9ed7517/ruff-0.15.22-py3-none-musllinux_1_2_i686.whl", hash = "sha256:a1606c510bd7215680d32efab38965f7cdec3ef69f5170a3f4791404ffdd5262", size = 11105077, upload-time = "2026-07-16T15:13:57.915Z" },
    { url = "https://files.pythonhosted.org/packages/c2/47/20e9d4a3b8016778acea5fc32bb50d35d207500a17ddb529ffa6996feef8/ruff-0.15.22-py3-none-musllinux_1_2_x86_64.whl", hash = "sha256:630479b18625f5ffc373f77603a22a9f8ac0acd7ff0501178b5db28ec71e9c64", size = 11490980, upload-time = "2026-07-16T15:14:01.032Z" },
    { url = "https://files.pythonhosted.org/packages/4d/76/3f72d8fc38c1cb77b38c56a70da9d0c17700cc1cc50f9649c9d3c8f5ba71/ruff-0.15.22-py3-none-win32.whl", hash = "sha256:e5ba0e4a13fd14abbed2a77b517a3911290c6c6c59ef67784328d1668fab76cf", size = 10789165, upload-time = "2026-07-16T15:14:04.16Z" },
    { url = "https://files.pythonhosted.org/packages/cb/46/4965251734c2b6fcdca1b1b187d20bcac3af0ee5b083b89c910bb961ce3a/ruff-0.15.22-py3-none-win_amd64.whl", hash = "sha256:9be63ba1eb936acd2d1342fb8337c356353706fce233b2a15a09a97037e6acde", size = 11938297, upload-time = "2026-07-16T15:14:07.316Z" },
    { url = "https://files.pythonhosted.org/packages/57/c9/e69b1ff4c8b69093ef08b8919ab767af0569666865b39c30a8795d88d3c6/ruff-0.15.22-py3-none-win_arm64.whl", hash = "sha256:e1168075b72158510839f250027659cdd78476f40507dd517892304c41318661", size = 11298172, upload-time = "2026-07-16T15:14:10.51Z" },
]

[[package]]
name = "sqlparse"
version = "0.5.5"
source = { registry = "https://pypi.org/simple" }
sdist = { url = "https://files.pythonhosted.org/packages/90/76/437d71068094df0726366574cf3432a4ed754217b436eb7429415cf2d480/sqlparse-0.5.5.tar.gz", hash = "sha256:e20d4a9b0b8585fdf63b10d30066c7c94c5d7a7ec47c889a2d83a3caa93ff28e", size = 120815, upload-time = "2025-12-19T07:17:45.073Z" }
wheels = [
    { url = "https://files.pythonhosted.org/packages/49/4b/359f28a903c13438ef59ebeee215fb25da53066db67b305c125f1c6d2a25/sqlparse-0.5.5-py3-none-any.whl", hash = "sha256:12a08b3bf3eec877c519589833aed092e2444e68240a3577e8e26148acc7b1ba", size = 46138, upload-time = "2025-12-19T07:17:46.573Z" },
]

[[package]]
name = "tzdata"
version = "2026.3"
source = { registry = "https://pypi.org/simple" }
sdist = { url = "https://files.pythonhosted.org/packages/92/ff/5a28bdfd8c3ebec42564ac7d0e54ca3db65044a9314a97f9564fa7a1e926/tzdata-2026.3.tar.gz", hash = "sha256:4a1518b8993086a7982523e071643f3c0e5f213e75b21318e78bcabfff9d1415", size = 198674, upload-time = "2026-07-10T08:50:37.887Z" }
wheels = [
    { url = "https://files.pythonhosted.org/packages/e5/6d/b53b99a9f2766d095985947a5782f1702cabb129a34f7a802d7197af832f/tzdata-2026.3-py2.py3-none-any.whl", hash = "sha256:dc096730c87af6cab1b171c9d532be840741ff5d459015e7f6947bd7d7e54931", size = 348168, upload-time = "2026-07-10T08:50:36.46Z" },
]

[[package]]
name = "ujson"
version = "5.13.0"
source = { registry = "https://pypi.org/simple" }
sdist = { url = "https://files.pythonhosted.org/packages/89/7a/c8bb37c8f6f3623d60c33d15d18cd6d6655d0f9c3eb31a9969f76361b199/ujson-5.13.0.tar.gz", hash = "sha256:d62e3d7625384c08082abad81a077af587fdef2761bb14c3822f4234b8d07d75", size = 7166784, upload-time = "2026-06-14T22:36:50.209Z" }
wheels = [
    { url = "https://files.pythonhosted.org/packages/1c/9a/b5139d696f5328f3cab70b9ec046f15e3f49497a4de6280974640602f539/ujson-5.13.0-cp314-cp314-macosx_10_15_x86_64.whl", hash = "sha256:cc9dfd41fed397ab03bb9d9fe1cbd83301211c772a17536033ce7d68877ac82b", size = 56897, upload-time = "2026-06-14T22:35:57.974Z" },
    { url = "https://files.pythonhosted.org/packages/53/55/477183aeddfdf0f88ae039ffee0ed866cfb993da0c0c9aa915807554aef8/ujson-5.13.0-cp314-cp314-macosx_11_0_arm64.whl", hash = "sha256:ca7ef2fa6c408a7c0f558e4d33d93b32ddc35ed6d3cfc505747931a64b7465d5", size = 54451, upload-time = "2026-06-14T22:35:58.932Z" },
    { url = "https://files.pythonhosted.org/packages/ea/63/55e5f23e156b4c8bca095d828b4cd3180c0b42aa3501ef88836d79606fea/ujson-5.13.0-cp314-cp314-manylinux1_i686.manylinux2014_i686.manylinux_2_17_i686.manylinux_2_5_i686.whl", hash = "sha256:a554b2e5bee85030369514cef8b0b913cebe1a4c2c0c13541966d50bcba22b1a", size = 60053, upload-time = "2026-06-14T22:35:59.969Z" },
    { url = "https://files.pythonhosted.org/packages/26/b6/08c6cf5548bd6f4bb557c9fa7e8edf87324bb04c17249d1966028d61dde0/ujson-5.13.0-cp314-cp314-manylinux2014_aarch64.manylinux_2_17_aarch64.whl", hash = "sha256:ea939ff629ab03ae970d03eca6d1febd8ed55ba38ca44aec64ce997537cd3fa0", size = 53481, upload-time = "2026-06-14T22:36:01.007Z" },
    { url = "https://files.pythonhosted.org/packages/6e/b3/0ac9a03551467784067f505df1bb875c639ba32f1da79ce467ab15911ada/ujson-5.13.0-cp314-cp314-manylinux2014_x86_64.manylinux_2_17_x86_64.whl", hash = "sha256:b98bf2faa5e37ecfe752226ea08290031e375a0c43d425a0b955fb3e702a2a71", size = 55058, upload-time = "2026-06-14T22:36:02.297Z" },
    { url = "https://files.pythonhosted.org/packages/ba/be/ec91029aec067174473d022fa0f6c3c1431a173f888d7599739f05c668eb/ujson-5.13.0-cp314-cp314-manylinux_2_24_aarch64.manylinux_2_28_aarch64.whl", hash = "sha256:9a4b92344b16e414aeb609e57f62c466500e53c94f1698f5b149dc0b7223ec3e", size = 58225, upload-time = "2026-06-14T22:36:03.321Z" },
    { url = "https://files.pythonhosted.org/packages/29/33/a948f329252ece3f9c93d177243de6e677927ebc6ac44256742dbbef3c39/ujson-5.13.0-cp314-cp314-manylinux_2_24_x86_64.manylinux_2_28_x86_64.whl", hash = "sha256:7df805aad707507a1fa165fb716218ca3a89f142125dc4b23c9fcc08fa402d97", size = 57930, upload-time = "2026-06-14T22:36:04.385Z" },
    { url = "https://files.pythonhosted.org/packages/f1/0c/c33655218b8e0a8adbf066de0b999cae5c324061f3eaa4dda17423145d9e/ujson-5.13.0-cp314-cp314-musllinux_1_2_aarch64.whl", hash = "sha256:7576bdbef327c3528f011002a2d74486f6fe4e33289bdb7a042b7f1a6e9d8285", size = 1037728, upload-time = "2026-06-14T22:36:05.467Z" },
    { url = "https://files.pythonhosted.org/packages/2c/bd/d286947525ea7ce3f2d8dc55c15b9ffbe425bc455c96af7b8f8a402599a9/ujson-5.13.0-cp314-cp314-musllinux_1_2_i686.whl", hash = "sha256:6eee5d7cce3f32a468905f9ff61807a60287a90258d849460f6fa826e810870d", size = 1197146, upload-time = "2026-06-14T22:36:06.839Z" },
    { url = "https://files.pythonhosted.org/packages/3c/3c/9eb916377050b0785f048a34588c1c390ddd41ae00b78db68ee1ad022356/ujson-5.13.0-cp314-cp314-musllinux_1_2_x86_64.whl", hash = "sha256:144e9d8a454cfa727e0f755e1863738ed68068583bda5463052cb446835bd56c", size = 1090223, upload-time = "2026-06-14T22:36:08.329Z" },
    { url = "https://files.pythonhosted.org/packages/dd/5f/242fd97a2628b842d4bfaa9b18e1f68187f934d67503291ebbaab1254637/ujson-5.13.0-cp314-cp314-win32.whl", hash = "sha256:576f35c35b918d67d41b933878062ec0a5c9f4d1e9e14e04aeef35384963feae", size = 41223, upload-time = "2026-06-14T22:36:09.644Z" },
    { url = "https://files.pythonhosted.org/packages/23/f3/7f2bd9ca0c507142d0c22347b3d6f8803be1d8851c31707e57f5923fdbea/ujson-5.13.0-cp314-cp314-win_amd64.whl", hash = "sha256:d5e206e9f849ead27e51ef8da44e52b38da7c6dbd929a7340ab44533edcda8d7", size = 42265, upload-time = "2026-06-14T22:36:11.043Z" },
    { url = "https://files.pythonhosted.org/packages/b0/29/3e9a8fba321c031315f6d263510969a5d01f41fc471b5be107e413c1b2f8/ujson-5.13.0-cp314-cp314-win_arm64.whl", hash = "sha256:dc470179775468f9a007d3a6a2734624248c94bf47c6645e808c7e50a5070d1a", size = 40205, upload-time = "2026-06-14T22:36:12.286Z" },
    { url = "https://files.pythonhosted.org/packages/12/e9/1c543837c6a3c6672361882a0fa269bd02daf9cc4c0ca88a9dccd9df98d9/ujson-5.13.0-cp314-cp314t-macosx_10_15_x86_64.whl", hash = "sha256:69b4e36bb7d5f413ba8c00c8006b2ec627cc5ace97301462f6aadb66ec9d2979", size = 57402, upload-time = "2026-06-14T22:36:13.238Z" },
    { url = "https://files.pythonhosted.org/packages/99/e4/39862f0f7174ff07cfd1e2d0c9065ded34aeebdb7db8daf2f0e5bf89b46f/ujson-5.13.0-cp314-cp314t-macosx_11_0_arm64.whl", hash = "sha256:8b644d50f66de5490c1823c7176618cead5e8e8a88cba9f40a6308ca52e79267", size = 54973, upload-time = "2026-06-14T22:36:14.432Z" },
    { url = "https://files.pythonhosted.org/packages/02/66/f53d3b32c3f177f846ca6b624e832f29000d8a213a2d8768e254bd470ced/ujson-5.13.0-cp314-cp314t-manylinux1_i686.manylinux2014_i686.manylinux_2_17_i686.manylinux_2_5_i686.whl", hash = "sha256:15107aaa4f559d55201165ec32abb35c283a861be1fa67229578cb7d93fcd93a", size = 60683, upload-time = "2026-06-14T22:36:15.806Z" },
    { url = "https://files.pythonhosted.org/packages/e6/d4/dddc4646d2633c85c938c2ded7d5a9711cdad5be1e13b31b7dad76f61c83/ujson-5.13.0-cp314-cp314t-manylinux2014_aarch64.manylinux_2_17_aarch64.whl", hash = "sha256:6e343c5f0c058523f1edbf6ae4eceb4e0d934205a53bbdd8d9a945c83324662a", size = 54167, upload-time = "2026-06-14T22:36:16.952Z" },
    { url = "https://files.pythonhosted.org/packages/5f/c0/d8608c3f4d3f05e6441364b63fde1d279700135c1a6577a773662c07fbcc/ujson-5.13.0-cp314-cp314t-manylinux2014_x86_64.manylinux_2_17_x86_64.whl", hash = "sha256:02200035bc80e830f076ffc1b329a94c295aee6d9de8c9043647cb9a7bd4f76f", size = 55568, upload-time = "2026-06-14T22:36:17.975Z" },
    { url = "https://files.pythonhosted.org/packages/22/8e/dd12b735aaba0806c3d70c18184d50e1f9712e0757c7c0a4f376450cfe28/ujson-5.13.0-cp314-cp314t-manylinux_2_24_aarch64.manylinux_2_28_aarch64.whl", hash = "sha256:d7f19b81b73ff28f5c5022ee794f94122bfcda07a76423078e349465d71223a1", size = 59086, upload-time = "2026-06-14T22:36:19.071Z" },
    { url = "https://files.pythonhosted.org/packages/48/43/ad41e8752d5ec3a590a5e7b426a54e36b7aab911d9b5a4f7384dc62507ab/ujson-5.13.0-cp314-cp314t-manylinux_2_24_x86_64.manylinux_2_28_x86_64.whl", hash = "sha256:82e1393e6dbe3c95fdfc95c6c528890e191351a1f024ef51126cf1f22543af52", size = 58667, upload-time = "2026-06-14T22:36:20.171Z" },
    { url = "https://files.pythonhosted.org/packages/e1/8e/b44a6afb77b94118655c029081b7932d64bb4c5b1c8ba2b7f5808b5d0bc2/ujson-5.13.0-cp314-cp314t-musllinux_1_2_aarch64.whl", hash = "sha256:38afcf994b28ed85ea2420e2a8d79a37d0a77348b3daf53850c16edda66f942d", size = 1038553, upload-time = "2026-06-14T22:36:21.245Z" },
    { url = "https://files.pythonhosted.org/packages/7e/93/fab1d786174c8780eb3e386c73f1925a435e97fbf77c957fea4fca83994d/ujson-5.13.0-cp314-cp314t-musllinux_1_2_i686.whl", hash = "sha256:1bdf2518971586f2b413156c49d9dd8b56cc990a8647081e1bd00af60564d469", size = 1197938, upload-time = "2026-06-14T22:36:22.585Z" },
    { url = "https://files.pythonhosted.org/packages/f3/bc/2f073bb708f9d128f5d1cb39063a5f6421b1ce94c61be8661c55a189f407/ujson-5.13.0-cp314-cp314t-musllinux_1_2_x86_64.whl", hash = "sha256:751ad01042472f1c7c02f5c597c7aee79834e82a6cc384ca302173bbc8e8deb8", size = 1090938, upload-time = "2026-06-14T22:36:23.947Z" },
    { url = "https://files.pythonhosted.org/packages/c4/67/cdaa50bba29d7dc9eb19212755b09bb96f56596e75957c3717c6b85454de/ujson-5.13.0-cp314-cp314t-win32.whl", hash = "sha256:74f3dd61aeb01b7b2a6754e400224e819279041b3867935a55ccf57fb86a43b2", size = 41802, upload-time = "2026-06-14T22:36:25.418Z" },
    { url = "https://files.pythonhosted.org/packages/bd/66/a6e669e90083febdf6c0600d3807f6017fd4d3962d5bd6ddc605c73a06e5/ujson-5.13.0-cp314-cp314t-win_amd64.whl", hash = "sha256:5c31317d5e4504dae8f98795358b6082fc0ef96e7394806db0a76a4a8717f446", size = 42790, upload-time = "2026-06-14T22:36:26.614Z" },
    { url = "https://files.pythonhosted.org/packages/3d/5f/fcc6c6a9d711fd8b020ca8ff65148212f0a712c809d173cd949e58de68c6/ujson-5.13.0-cp314-cp314t-win_arm64.whl", hash = "sha256:aefd3c9c95f9b62348956396ff7b31818476f8f54dc4a4e64cbd4f0491db6fca", size = 40708, upload-time = "2026-06-14T22:36:27.721Z" },
]
